{
  "version": 1,
  "dependencies": {
    ".NETStandard,Version=v2.0": {
      "NETStandard.Library": {
        "type": "Direct",
        "requested": "[2.0.3, )",
        "resolved": "2.0.3",
        "contentHash": "st47PosZSHrjECdjeIzZQbzivYBJFv6P2nv4cj2ypdI204DO+vZ7l5raGMiX4eXMJ53RfOIg+/s4DHVZ54Nu2A==",
        "dependencies": {
          "Microsoft.NETCore.Platforms": "1.1.0"
        }
      },
      "Microsoft.NETCore.Platforms": {
        "type": "Transitive",
        "resolved": "1.1.0",
        "contentHash": "kz0PEW2lhqygehI/d6XsPCQzD7ff7gUJaVGPVETX611eadGsA3A877GdSlU0LRVMCTH/+P3o2iDTak+S08V2+A=="
      }
    },
    "net10.0": {
      "Microsoft.NET.ILLink.Tasks": {
        "type": "Direct",
        "requested": "[10.0.3, )",
        "resolved": "10.0.3",
        "contentHash": "0B6nZyCHWXnvmlB559oduOspVdNOnpNXPjhpWVMovLPAsDVG7A4jJR9rzECf67JUzxP8/ee/wA8clwIzJcWNFA=="
      }
    },
    "net8.0": {
      "Microsoft.NET.ILLink.Tasks": {
        "type": "Direct",
        "requested": "[8.0.24, )",
        "resolved": "8.0.24",
        "contentHash": "1gnadp//+DoGJvV4AFdzPqYPxkypaWYjYMCr7KAacV0iadsHz1nU+rrkoxBCna4FCmeKH49CisEwa7g94/MbEg=="
      }
    },
    "net9.0": {
      "Microsoft.NET.ILLink.Tasks": {
        "type": "Direct",
        "requested": "[9.0.13, )",
        "resolved": "9.0.13",
        "contentHash": "f7t15I9ZXV7fNk3FIzPAlkJNG1A1tkSeDpRh+TFWEToGGqA+uj6uqU15I8YOkkYICNY2tqOVm2CMe6ScPFPwEg=="
      }
    }
  }
}